
Microsoft Visual Studio Solution File, Format Version 12.00
# Visual Studio 15
VisualStudioVersion = 15.0.27703.2047
MinimumVisualStudioVersion = 10.0.40219.1
Project("{9A19103F-16F7-4668-BE54-9A1E7A4F7556}") = "awesome-feedback-be", "awesome-feedback-be\awesome-feedback-be.csproj", "{DE507CD0-B529-4F2C-9D0D-A04BC98CBBD2}"
EndProject
Project("{FAE04EC0-301F-11D3-BF4B-00C04F79EFBC}") = "awesome-feedback-be.core", "awesome-feedback-be.core\awesome-feedback-be.core.csproj", "{F72A2BC9-117B-4AD6-96F4-06F0EC2322FB}"
EndProject
Global
	GlobalSection(SolutionConfigurationPlatforms) = preSolution
		Debug|Any CPU = Debug|Any CPU
		Release|Any CPU = Release|Any CPU
	EndGlobalSection
	GlobalSection(ProjectConfigurationPlatforms) = postSolution
		{DE507CD0-B529-4F2C-9D0D-A04BC98CBBD2}.Debug|Any CPU.ActiveCfg = Debug|Any CPU
		{DE507CD0-B529-4F2C-9D0D-A04BC98CBBD2}.Debug|Any CPU.Build.0 = Debug|Any CPU
		{DE507CD0-B529-4F2C-9D0D-A04BC98CBBD2}.Release|Any CPU.ActiveCfg = Release|Any CPU
		{DE507CD0-B529-4F2C-9D0D-A04BC98CBBD2}.Release|Any CPU.Build.0 = Release|Any CPU
		{F72A2BC9-117B-4AD6-96F4-06F0EC2322FB}.Debug|Any CPU.ActiveCfg = Debug|Any CPU
		{F72A2BC9-117B-4AD6-96F4-06F0EC2322FB}.Debug|Any CPU.Build.0 = Debug|Any CPU
		{F72A2BC9-117B-4AD6-96F4-06F0EC2322FB}.Release|Any CPU.ActiveCfg = Release|Any CPU
		{F72A2BC9-117B-4AD6-96F4-06F0EC2322FB}.Release|Any CPU.Build.0 = Release|Any CPU
	EndGlobalSection
	GlobalSection(SolutionProperties) = preSolution
		HideSolutionNode = FALSE
	EndGlobalSection
	GlobalSection(ExtensibilityGlobals) = postSolution
		SolutionGuid = {E226AB23-4183-4B4E-87A3-240D29556BFA}
	EndGlobalSection
EndGlobal
